
Microsoft Visual Studio Solution File, Format Version 12.00
# Visual Studio 15
VisualStudioVersion = 15.0.28307.106
MinimumVisualStudioVersion = 10.0.40219.1
Project("{9A19103F-16F7-4668-BE54-9A1E7A4F7556}") = "BizContactsUI", "BizContactsUI.csproj", "{E7297E17-BA7A-4F21-B4DB-381542A2EF0A}"
EndProject
Global
	GlobalSection(SolutionConfigurationPlatforms) = preSolution
		Debug|Any CPU = Debug|Any CPU
		Release|Any CPU = Release|Any CPU
	EndGlobalSection
	GlobalSection(ProjectConfigurationPlatforms) = postSolution
		{E7297E17-BA7A-4F21-B4DB-381542A2EF0A}.Debug|Any CPU.ActiveCfg = Debug|Any CPU
		{E7297E17-BA7A-4F21-B4DB-381542A2EF0A}.Debug|Any CPU.Build.0 = Debug|Any CPU
		{E7297E17-BA7A-4F21-B4DB-381542A2EF0A}.Release|Any CPU.ActiveCfg = Release|Any CPU
		{E7297E17-BA7A-4F21-B4DB-381542A2EF0A}.Release|Any CPU.Build.0 = Release|Any CPU
	EndGlobalSection
	GlobalSection(SolutionProperties) = preSolution
		HideSolutionNode = FALSE
	EndGlobalSection
	GlobalSection(ExtensibilityGlobals) = postSolution
		SolutionGuid = {1EF84151-9F6A-4EFE-8EEA-D1AF21181CF4}
	EndGlobalSection
EndGlobal
